PODS:
  - Flutter (1.0.0)
  - flutter_platform_alert (0.0.1):
    - Flutter
  - HydraAsync (2.0.6)
  - integration_test (0.0.1):
    - Flutter
  - path_provider_foundation (0.0.1):
    - Flutter
    - FlutterMacOS
  - shared_preferences_foundation (0.0.1):
    - Flutter
    - FlutterMacOS
  - tencent_cloud_chat_sdk (8.0.0):
    - Flutter
    - HydraAsync
    - TXIMSDK_Plus_iOS_XCFramework (>= 8.0.5895)
  - TXIMSDK_Plus_iOS_XCFramework (8.0.5895)

DEPENDENCIES:
  - Flutter (from `Flutter`)
  - flutter_platform_alert (from `.symlinks/plugins/flutter_platform_alert/ios`)
  - integration_test (from `.symlinks/plugins/integration_test/ios`)
  - path_provider_foundation (from `.symlinks/plugins/path_provider_foundation/darwin`)
  - shared_preferences_foundation (from `.symlinks/plugins/shared_preferences_foundation/darwin`)
  - tencent_cloud_chat_sdk (from `.symlinks/plugins/tencent_cloud_chat_sdk/ios`)

SPEC REPOS:
  trunk:
    - HydraAsync
    - TXIMSDK_Plus_iOS_XCFramework

EXTERNAL SOURCES:
  Flutter:
    :path: Flutter
  flutter_platform_alert:
    :path: ".symlinks/plugins/flutter_platform_alert/ios"
  integration_test:
    :path: ".symlinks/plugins/integration_test/ios"
  path_provider_foundation:
    :path: ".symlinks/plugins/path_provider_foundation/darwin"
  shared_preferences_foundation:
    :path: ".symlinks/plugins/shared_preferences_foundation/darwin"
  tencent_cloud_chat_sdk:
    :path: ".symlinks/plugins/tencent_cloud_chat_sdk/ios"

SPEC CHECKSUMS:
  Flutter: e0871f40cf51350855a761d2e70bf5af5b9b5de7
  flutter_platform_alert: 6a241c90f3cc350d0286deeefee9f52bee957019
  HydraAsync: 8d589bd725b0224f899afafc9a396327405f8063
  integration_test: ce0a3ffa1de96d1a89ca0ac26fca7ea18a749ef4
  path_provider_foundation: 3784922295ac71e43754bd15e0653ccfd36a147c
  shared_preferences_foundation: b4c3b4cddf1c21f02770737f147a3f5da9d39695
  tencent_cloud_chat_sdk: 17906910d7d2c2127b68eb7c9010c8198601dab1
  TXIMSDK_Plus_iOS_XCFramework: 7e8d00fef4638e2395e83a8be821082a2d255d4a

PODFILE CHECKSUM: 7be2f5f74864d463a8ad433546ed1de7e0f29aef

COCOAPODS: 1.15.2
