{
  "name": "web",
  "version": "1.0.0",
  "lockfileVersion": 3,
  "requires": true,
  "packages": {
    "": {
      "name": "web",
      "version": "1.0.0",
      "license": "ISC",
      "dependencies": {
        "@tencentcloud/chat": "^3.3.0",
        "tim-upload-plugin": "^1.3.0"
      }
    },
    "node_modules/@tencentcloud/chat": {
      "version": "3.3.0",
      "resolved": "https://registry.npmjs.org/@tencentcloud/chat/-/chat-3.3.0.tgz",
      "integrity": "sha512-Gs0j05/gkKYGvbc9mPDq8B9Rd/WMPCtbiii4usJtS4rekjnlgE4zN4ey93ICwlIpEENToXZumg46Neijb4xzag=="
    },
    "node_modules/tim-upload-plugin": {
      "version": "1.3.0",
      "resolved": "https://registry.npmjs.org/tim-upload-plugin/-/tim-upload-plugin-1.3.0.tgz",
      "integrity": "sha512-meoGeB3vOs3FvtBh+ik7zlOj8C03tC6MZEkjc8BKYvgTrCzBWVDXZi9a3X8AM/YtoyuTaeLuEmaLQj1O/5luuw=="
    }
  }
}
